
Microsoft Visual Studio Solution File, Format Version 12.00
# Visual Studio Version 17
VisualStudioVersion = 17.1.32421.90
MinimumVisualStudioVersion = 10.0.40219.1
Project("{FAE04EC0-301F-11D3-BF4B-00C04F79EFBC}") = "slackBot", "slackBot.csproj", "{E6763C03-72EF-4AB9-B014-57169377DDAC}"
EndProject
Global
	GlobalSection(SolutionConfigurationPlatforms) = preSolution
		Debug|Any CPU = Debug|Any CPU
		Release|Any CPU = Release|Any CPU
	EndGlobalSection
	GlobalSection(ProjectConfigurationPlatforms) = postSolution
		{E6763C03-72EF-4AB9-B014-57169377DDAC}.Debug|Any CPU.ActiveCfg = Debug|Any CPU
		{E6763C03-72EF-4AB9-B014-57169377DDAC}.Debug|Any CPU.Build.0 = Debug|Any CPU
		{E6763C03-72EF-4AB9-B014-57169377DDAC}.Release|Any CPU.ActiveCfg = Release|Any CPU
		{E6763C03-72EF-4AB9-B014-57169377DDAC}.Release|Any CPU.Build.0 = Release|Any CPU
	EndGlobalSection
	GlobalSection(SolutionProperties) = preSolution
		HideSolutionNode = FALSE
	EndGlobalSection
	GlobalSection(ExtensibilityGlobals) = postSolution
		SolutionGuid = {EF3478A0-1C84-44C3-AF34-9299506193DA}
	EndGlobalSection
EndGlobal
